
Microsoft Visual Studio Solution File, Format Version 12.00
# Visual Studio Version 17
VisualStudioVersion = 17.14.36310.24
MinimumVisualStudioVersion = 10.0.40219.1
Project("{FAE04EC0-301F-11D3-BF4B-00C04F79EFBC}") = "FitnessCenterManagement", "FitnessCenterManagement.csproj", "{71698C43-7E60-4D6E-AB5E-8F2670BAE433}"
EndProject
Global
	GlobalSection(SolutionConfigurationPlatforms) = preSolution
		Debug|Any CPU = Debug|Any CPU
		Release|Any CPU = Release|Any CPU
	EndGlobalSection
	GlobalSection(ProjectConfigurationPlatforms) = postSolution
		{71698C43-7E60-4D6E-AB5E-8F2670BAE433}.Debug|Any CPU.ActiveCfg = Debug|Any CPU
		{71698C43-7E60-4D6E-AB5E-8F2670BAE433}.Debug|Any CPU.Build.0 = Debug|Any CPU
		{71698C43-7E60-4D6E-AB5E-8F2670BAE433}.Release|Any CPU.ActiveCfg = Release|Any CPU
		{71698C43-7E60-4D6E-AB5E-8F2670BAE433}.Release|Any CPU.Build.0 = Release|Any CPU
	EndGlobalSection
	GlobalSection(SolutionProperties) = preSolution
		HideSolutionNode = FALSE
	EndGlobalSection
	GlobalSection(ExtensibilityGlobals) = postSolution
		SolutionGuid = {49ED1472-0058-4FF3-AC1D-EC5CF240586A}
	EndGlobalSection
EndGlobal
